
Microsoft Visual Studio Solution File, Format Version 12.00
# Visual Studio 15
VisualStudioVersion = 15.0.28307.329
MinimumVisualStudioVersion = 10.0.40219.1
Project("{FAE04EC0-301F-11D3-BF4B-00C04F79EFBC}") = "Order", "Order\Order.csproj", "{346043AC-B0BD-4D58-8FFF-E7D5E133A43A}"
EndProject
Global
	GlobalSection(SolutionConfigurationPlatforms) = preSolution
		Debug|Any CPU = Debug|Any CPU
		Release|Any CPU = Release|Any CPU
	EndGlobalSection
	GlobalSection(ProjectConfigurationPlatforms) = postSolution
		{346043AC-B0BD-4D58-8FFF-E7D5E133A43A}.Debug|Any CPU.ActiveCfg = Debug|Any CPU
		{346043AC-B0BD-4D58-8FFF-E7D5E133A43A}.Debug|Any CPU.Build.0 = Debug|Any CPU
		{346043AC-B0BD-4D58-8FFF-E7D5E133A43A}.Release|Any CPU.ActiveCfg = Release|Any CPU
		{346043AC-B0BD-4D58-8FFF-E7D5E133A43A}.Release|Any CPU.Build.0 = Release|Any CPU
	EndGlobalSection
	GlobalSection(SolutionProperties) = preSolution
		HideSolutionNode = FALSE
	EndGlobalSection
	GlobalSection(ExtensibilityGlobals) = postSolution
		SolutionGuid = {F205D412-7CB7-4958-8787-C570AFF46895}
	EndGlobalSection
EndGlobal
