
Microsoft Visual Studio Solution File, Format Version 12.00
# Visual Studio 15
VisualStudioVersion = 15.0.28307.329
MinimumVisualStudioVersion = 10.0.40219.1
Project("{FAE04EC0-301F-11D3-BF4B-00C04F79EFBC}") = "ExerciciosProdutosImportados", "ExerciciosProdutosImportados\ExerciciosProdutosImportados.csproj", "{81E5ADBF-4080-4AD8-8292-050EBA26ADFF}"
EndProject
Global
	GlobalSection(SolutionConfigurationPlatforms) = preSolution
		Debug|Any CPU = Debug|Any CPU
		Release|Any CPU = Release|Any CPU
	EndGlobalSection
	GlobalSection(ProjectConfigurationPlatforms) = postSolution
		{81E5ADBF-4080-4AD8-8292-050EBA26ADFF}.Debug|Any CPU.ActiveCfg = Debug|Any CPU
		{81E5ADBF-4080-4AD8-8292-050EBA26ADFF}.Debug|Any CPU.Build.0 = Debug|Any CPU
		{81E5ADBF-4080-4AD8-8292-050EBA26ADFF}.Release|Any CPU.ActiveCfg = Release|Any CPU
		{81E5ADBF-4080-4AD8-8292-050EBA26ADFF}.Release|Any CPU.Build.0 = Release|Any CPU
	EndGlobalSection
	GlobalSection(SolutionProperties) = preSolution
		HideSolutionNode = FALSE
	EndGlobalSection
	GlobalSection(ExtensibilityGlobals) = postSolution
		SolutionGuid = {5F78AEC1-A62C-4C68-9EC1-32BD0934723F}
	EndGlobalSection
EndGlobal
